
Microsoft Visual Studio Solution File, Format Version 12.00
# Visual Studio Version 16
VisualStudioVersion = 16.0.29025.244
MinimumVisualStudioVersion = 10.0.40219.1
Project("{FAE04EC0-301F-11D3-BF4B-00C04F79EFBC}") = "View", "View\View.csproj", "{85C30EED-A491-4843-BFF0-6099A29A6AB8}"
EndProject
Project("{FAE04EC0-301F-11D3-BF4B-00C04F79EFBC}") = "Model", "Model\Model.csproj", "{3C80BC3F-A65E-4567-A384-666E3982002E}"
EndProject
Project("{FAE04EC0-301F-11D3-BF4B-00C04F79EFBC}") = "Repository", "Repository\Repository.csproj", "{433BA96C-B0CE-462E-A71A-A222E071B546}"
EndProject
Project("{FAE04EC0-301F-11D3-BF4B-00C04F79EFBC}") = "ViewCliente", "ViewCliente\ViewCliente.csproj", "{6F8842C7-2A4E-4653-B8CE-87BD9A39082A}"
EndProject
Project("{FAE04EC0-301F-11D3-BF4B-00C04F79EFBC}") = "FileUpload", "FileUpload\FileUpload.csproj", "{2B5F51BB-AF24-4149-9455-6CC7E2010974}"
EndProject
Global
	GlobalSection(SolutionConfigurationPlatforms) = preSolution
		Debug|Any CPU = Debug|Any CPU
		Release|Any CPU = Release|Any CPU
	EndGlobalSection
	GlobalSection(ProjectConfigurationPlatforms) = postSolution
		{85C30EED-A491-4843-BFF0-6099A29A6AB8}.Debug|Any CPU.ActiveCfg = Debug|Any CPU
		{85C30EED-A491-4843-BFF0-6099A29A6AB8}.Debug|Any CPU.Build.0 = Debug|Any CPU
		{85C30EED-A491-4843-BFF0-6099A29A6AB8}.Release|Any CPU.ActiveCfg = Release|Any CPU
		{85C30EED-A491-4843-BFF0-6099A29A6AB8}.Release|Any CPU.Build.0 = Release|Any CPU
		{3C80BC3F-A65E-4567-A384-666E3982002E}.Debug|Any CPU.ActiveCfg = Debug|Any CPU
		{3C80BC3F-A65E-4567-A384-666E3982002E}.Debug|Any CPU.Build.0 = Debug|Any CPU
		{3C80BC3F-A65E-4567-A384-666E3982002E}.Release|Any CPU.ActiveCfg = Release|Any CPU
		{3C80BC3F-A65E-4567-A384-666E3982002E}.Release|Any CPU.Build.0 = Release|Any CPU
		{433BA96C-B0CE-462E-A71A-A222E071B546}.Debug|Any CPU.ActiveCfg = Debug|Any CPU
		{433BA96C-B0CE-462E-A71A-A222E071B546}.Debug|Any CPU.Build.0 = Debug|Any CPU
		{433BA96C-B0CE-462E-A71A-A222E071B546}.Release|Any CPU.ActiveCfg = Release|Any CPU
		{433BA96C-B0CE-462E-A71A-A222E071B546}.Release|Any CPU.Build.0 = Release|Any CPU
		{6F8842C7-2A4E-4653-B8CE-87BD9A39082A}.Debug|Any CPU.ActiveCfg = Debug|Any CPU
		{6F8842C7-2A4E-4653-B8CE-87BD9A39082A}.Debug|Any CPU.Build.0 = Debug|Any CPU
		{6F8842C7-2A4E-4653-B8CE-87BD9A39082A}.Release|Any CPU.ActiveCfg = Release|Any CPU
		{6F8842C7-2A4E-4653-B8CE-87BD9A39082A}.Release|Any CPU.Build.0 = Release|Any CPU
		{2B5F51BB-AF24-4149-9455-6CC7E2010974}.Debug|Any CPU.ActiveCfg = Debug|Any CPU
		{2B5F51BB-AF24-4149-9455-6CC7E2010974}.Debug|Any CPU.Build.0 = Debug|Any CPU
		{2B5F51BB-AF24-4149-9455-6CC7E2010974}.Release|Any CPU.ActiveCfg = Release|Any CPU
		{2B5F51BB-AF24-4149-9455-6CC7E2010974}.Release|Any CPU.Build.0 = Release|Any CPU
	EndGlobalSection
	GlobalSection(SolutionProperties) = preSolution
		HideSolutionNode = FALSE
	EndGlobalSection
	GlobalSection(ExtensibilityGlobals) = postSolution
		SolutionGuid = {DF6C5786-3C25-46EE-B756-61F33CDF23E3}
	EndGlobalSection
EndGlobal
